<?xml version="1.0" encoding="utf-8"?>
<Project ToolsVersion="4.0" xmlns="http://schemas.microsoft.com/developer/msbuild/2003">
  <ItemGroup>
    <Filter Include="Source Files">
      <UniqueIdentifier>{4FC737F1-C7A5-4376-A066-2A32D752A2FF}</UniqueIdentifier>
      <Extensions>cpp;c;cc;cxx;c++;cppm;ixx;def;odl;idl;hpj;bat;asm;asmx</Extensions>
    </Filter>
    <Filter Include="Header Files">
      <UniqueIdentifier>{93995380-89BD-4b04-88EB-625FBE52EBFB}</UniqueIdentifier>
      <Extensions>h;hh;hpp;hxx;h++;hm;inl;inc;ipp;xsd</Extensions>
    </Filter>
    <Filter Include="Resource Files">
      <UniqueIdentifier>{67DA6AB6-F800-4c08-8B7A-83BB121AAD01}</UniqueIdentifier>
      <Extensions>rc;ico;cur;bmp;dlg;rc2;rct;bin;rgs;gif;jpg;jpeg;jpe;resx;tiff;tif;png;wav;mfcribbon-ms</Extensions>
    </Filter>
    <Filter Include="Source Files\capture">
      <UniqueIdentifier>{a1b2c3d4-0001-0001-0001-000000000001}</UniqueIdentifier>
    </Filter>
    <Filter Include="Source Files\detector">
      <UniqueIdentifier>{a1b2c3d4-0001-0001-0001-000000000002}</UniqueIdentifier>
    </Filter>
    <Filter Include="Source Files\overlay">
      <UniqueIdentifier>{a1b2c3d4-0001-0001-0001-000000000003}</UniqueIdentifier>
    </Filter>
    <Filter Include="Source Files\config">
      <UniqueIdentifier>{a1b2c3d4-0001-0001-0001-000000000004}</UniqueIdentifier>
    </Filter>
    <Filter Include="Header Files\capture">
      <UniqueIdentifier>{a1b2c3d4-0002-0001-0001-000000000001}</UniqueIdentifier>
    </Filter>
    <Filter Include="Header Files\detector">
      <UniqueIdentifier>{a1b2c3d4-0002-0001-0001-000000000002}</UniqueIdentifier>
    </Filter>
    <Filter Include="Header Files\overlay">
      <UniqueIdentifier>{a1b2c3d4-0002-0001-0001-000000000003}</UniqueIdentifier>
    </Filter>
    <Filter Include="Header Files\config">
      <UniqueIdentifier>{a1b2c3d4-0002-0001-0001-000000000004}</UniqueIdentifier>
    </Filter>
    <Filter Include="Header Files\utils">
      <UniqueIdentifier>{a1b2c3d4-0002-0001-0001-000000000005}</UniqueIdentifier>
    </Filter>
  </ItemGroup>
  <!-- Headers -->
  <ItemGroup>
    <ClInclude Include="framework.h">
      <Filter>Header Files</Filter>
    </ClInclude>
    <ClInclude Include="targetver.h">
      <Filter>Header Files</Filter>
    </ClInclude>
    <ClInclude Include="Resource.h">
      <Filter>Header Files</Filter>
    </ClInclude>
    <ClInclude Include="anti-pop.h">
      <Filter>Header Files</Filter>
    </ClInclude>
    <ClInclude Include="src\App.h">
      <Filter>Header Files</Filter>
    </ClInclude>
    <ClInclude Include="src\capture\IScreenCapture.h">
      <Filter>Header Files\capture</Filter>
    </ClInclude>
    <ClInclude Include="src\capture\DxgiCapture.h">
      <Filter>Header Files\capture</Filter>
    </ClInclude>
    <ClInclude Include="src\detector\Detection.h">
      <Filter>Header Files\detector</Filter>
    </ClInclude>
    <ClInclude Include="src\detector\IContentDetector.h">
      <Filter>Header Files\detector</Filter>
    </ClInclude>
    <ClInclude Include="src\detector\OnnxDetector.h">
      <Filter>Header Files\detector</Filter>
    </ClInclude>
    <ClInclude Include="src\overlay\IOverlay.h">
      <Filter>Header Files\overlay</Filter>
    </ClInclude>
    <ClInclude Include="src\overlay\OverlayWindow.h">
      <Filter>Header Files\overlay</Filter>
    </ClInclude>
    <ClInclude Include="src\config\Config.h">
      <Filter>Header Files\config</Filter>
    </ClInclude>
    <ClInclude Include="src\config\AutoStart.h">
      <Filter>Header Files\config</Filter>
    </ClInclude>
    <ClInclude Include="src\utils\Logger.h">
      <Filter>Header Files\utils</Filter>
    </ClInclude>
    <ClInclude Include="src\detector\DetectionTracker.h">
      <Filter>Header Files</Filter>
    </ClInclude>
  </ItemGroup>
  <!-- Sources -->
  <ItemGroup>
    <ClCompile Include="anti-pop.cpp">
      <Filter>Source Files</Filter>
    </ClCompile>
    <ClCompile Include="src\App.cpp">
      <Filter>Source Files</Filter>
    </ClCompile>
    <ClCompile Include="src\capture\DxgiCapture.cpp">
      <Filter>Source Files\capture</Filter>
    </ClCompile>
    <ClCompile Include="src\detector\OnnxDetector.cpp">
      <Filter>Source Files\detector</Filter>
    </ClCompile>
    <ClCompile Include="src\overlay\OverlayWindow.cpp">
      <Filter>Source Files\overlay</Filter>
    </ClCompile>
    <ClCompile Include="src\config\Config.cpp">
      <Filter>Source Files\config</Filter>
    </ClCompile>
    <ClCompile Include="src\config\AutoStart.cpp">
      <Filter>Source Files\config</Filter>
    </ClCompile>
    <ClCompile Include="src\detector\DetectionTracker.cpp">
      <Filter>Source Files</Filter>
    </ClCompile>
  </ItemGroup>
  <!-- Resources -->
  <ItemGroup>
    <ResourceCompile Include="anti-pop.rc">
      <Filter>Resource Files</Filter>
    </ResourceCompile>
  </ItemGroup>
  <ItemGroup>
    <Image Include="small.ico">
      <Filter>Resource Files</Filter>
    </Image>
    <Image Include="anti-pop.ico">
      <Filter>Resource Files</Filter>
    </Image>
  </ItemGroup>
  <ItemGroup>
    <None Include="$(MSBuildThisFileDirectory)..\..\runtimes\win-x64\native\onnxruntime.dll" />
    <None Include="$(MSBuildThisFileDirectory)..\..\runtimes\win-x64\native\onnxruntime_providers_shared.dll" />
    <None Include="packages.config" />
  </ItemGroup>
  <ItemGroup>
    <CudaCompile Include="src\detector\GpuPreprocess.cu">
      <Filter>Source Files</Filter>
    </CudaCompile>
  </ItemGroup>
</Project>